<?xml version="1.0" encoding="utf-8"?>
<Project ToolsVersion="4.0" xmlns="http://schemas.microsoft.com/developer/msbuild/2003">
  <ItemGroup>
    <Filter Include="소스 파일">
      <UniqueIdentifier>{4FC737F1-C7A5-4376-A066-2A32D752A2FF}</UniqueIdentifier>
      <Extensions>cpp;c;cc;cxx;c++;cppm;ixx;def;odl;idl;hpj;bat;asm;asmx</Extensions>
    </Filter>
    <Filter Include="헤더 파일">
      <UniqueIdentifier>{93995380-89BD-4b04-88EB-625FBE52EBFB}</UniqueIdentifier>
      <Extensions>h;hh;hpp;hxx;h++;hm;inl;inc;ipp;xsd</Extensions>
    </Filter>
    <Filter Include="리소스 파일">
      <UniqueIdentifier>{67DA6AB6-F800-4c08-8B7A-83BB121AAD01}</UniqueIdentifier>
      <Extensions>rc;ico;cur;bmp;dlg;rc2;rct;bin;rgs;gif;jpg;jpeg;jpe;resx;tiff;tif;png;wav;mfcribbon-ms</Extensions>
    </Filter>
    <Filter Include="소스 파일\선형&amp;연결리스트">
      <UniqueIdentifier>{693541a7-dfcd-4d66-8f79-c237868d0d2d}</UniqueIdentifier>
    </Filter>
    <Filter Include="소스 파일\스택">
      <UniqueIdentifier>{901dbaed-df91-47ab-870c-4d3c19cce0aa}</UniqueIdentifier>
    </Filter>
    <Filter Include="소스 파일\해시">
      <UniqueIdentifier>{a45b4e92-39a1-4639-b7fc-0d6e3a6a49c8}</UniqueIdentifier>
    </Filter>
    <Filter Include="소스 파일\그리디">
      <UniqueIdentifier>{4a3b88cd-7d8c-4fdf-ad3a-d36646cfd78b}</UniqueIdentifier>
    </Filter>
    <Filter Include="소스 파일\큐">
      <UniqueIdentifier>{085acf70-e252-4aff-ba63-8f267b43e1db}</UniqueIdentifier>
    </Filter>
  </ItemGroup>
  <ItemGroup>
    <ClCompile Include="선형&amp;연결리스트\백준 2605-줄 세우기.c">
      <Filter>소스 파일\선형&amp;연결리스트</Filter>
    </ClCompile>
    <ClCompile Include="선형&amp;연결리스트\백준 2605-줄 세우기%28연결리스트풀이%29.c">
      <Filter>소스 파일\선형&amp;연결리스트</Filter>
    </ClCompile>
    <ClCompile Include="스택\백준 12605-단어순서 뒤집기.c">
      <Filter>소스 파일\스택</Filter>
    </ClCompile>
    <ClCompile Include="스택\백준 17608-막대기.c">
      <Filter>소스 파일\스택</Filter>
    </ClCompile>
    <ClCompile Include="해시\백준 27160-할리갈리.c">
      <Filter>소스 파일\해시</Filter>
    </ClCompile>
    <ClCompile Include="해시\백준 29701-모스 부호.c">
      <Filter>소스 파일\해시</Filter>
    </ClCompile>
    <ClCompile Include="그리디\백준 1417-국회의원 선거.c">
      <Filter>소스 파일\그리디</Filter>
    </ClCompile>
    <ClCompile Include="큐\백준 2161-카드1.c">
      <Filter>소스 파일\큐</Filter>
    </ClCompile>
    <ClCompile Include="해시\백준 7785-회사에 있는 사람.c">
      <Filter>소스 파일\해시</Filter>
    </ClCompile>
    <ClCompile Include="test.c">
      <Filter>소스 파일</Filter>
    </ClCompile>
    <ClCompile Include="이분탐색\백준 4158-CD.c">
      <Filter>소스 파일</Filter>
    </ClCompile>
    <ClCompile Include="이분탐색\백준 10815-숫자 카드.c">
      <Filter>소스 파일</Filter>
    </ClCompile>
    <ClCompile Include="큐\백준 11866-요세푸스 문제 0.c">
      <Filter>소스 파일</Filter>
    </ClCompile>
    <ClCompile Include="스택\백준 23253-자료구조는 정말 최고야.c">
      <Filter>소스 파일</Filter>
    </ClCompile>
    <ClCompile Include="해시\백준 25325-학생 인기도 측정%28재도전%29.c">
      <Filter>소스 파일</Filter>
    </ClCompile>
    <ClCompile Include="스택\백준 25497-기술 연계마스터 임스.c">
      <Filter>소스 파일</Filter>
    </ClCompile>
    <ClCompile Include="그리디\백준 25631-마트료시카 합치기.c">
      <Filter>소스 파일</Filter>
    </ClCompile>
    <ClCompile Include="해시\백준 25757-임스와 함께하는 미니게임.c">
      <Filter>소스 파일</Filter>
    </ClCompile>
    <ClCompile Include="큐\백준 26042-식당 입구 대기 줄.c">
      <Filter>소스 파일</Filter>
    </ClCompile>
    <ClCompile Include="트리\백준 28445-알록달록 앵무새.c">
      <Filter>소스 파일</Filter>
    </ClCompile>
    <ClCompile Include="이분탐색\백준 1920-수 찾기.c">
      <Filter>소스 파일</Filter>
    </ClCompile>
    <ClCompile Include="해시\백준 29723-브실이의 입시전략.c">
      <Filter>소스 파일</Filter>
    </ClCompile>
    <ClCompile Include="큐\백준 1158-요세푸스 문제.c">
      <Filter>소스 파일</Filter>
    </ClCompile>
    <ClCompile Include="트리\백준 1269-대칭 차집합.c">
      <Filter>소스 파일</Filter>
    </ClCompile>
    <ClCompile Include="해시\백준 1302-베스트셀러.c">
      <Filter>소스 파일</Filter>
    </ClCompile>
    <ClCompile Include="해시\백준 1544-사이클 단어.c">
      <Filter>소스 파일</Filter>
    </ClCompile>
    <ClCompile Include="해시\백준 1620-나는야 포켓몬 마스터 이다솜.c">
      <Filter>소스 파일</Filter>
    </ClCompile>
    <ClCompile Include="해시\백준 1764-듣보잡.c">
      <Filter>소스 파일</Filter>
    </ClCompile>
  </ItemGroup>
</Project>